// !$*UTF8*$!
{
	archiveVersion = 1;
	classes = {
	};
	objectVersion = 77;
	objects = {

/* Begin PBXBuildFile section */
		03C4217D43E0E40D8E2DD41D /* WineInstallView.swift in Sources */ = {isa = PBXBuildFile; fileRef = FC8F17412AD2EDE987CFEC8E /* WineInstallView.swift */; };
		2DB85236F5E609E836B78711 /* FlaskLibrary.swift in Resources */ = {isa = PBXBuildFile; fileRef = 8E7C9619C657C8F97BD62219 /* FlaskLibrary.swift */; };
		49A6F96170EADC42B9A0F2E7 /* Runner.swift in Sources */ = {isa = PBXBuildFile; fileRef = C37E6FB6B94EA215EE46B9CA /* Runner.swift */; };
		4A4F5DD63DF859CE8597C85E /* CreateFlaskView.swift in Resources */ = {isa = PBXBuildFile; fileRef = 0E2130D6E94D695E39947CEB /* CreateFlaskView.swift */; };
		8AD893B67578E6B55D7F9C65 /* URL.swift in Sources */ = {isa = PBXBuildFile; fileRef = 8D9C7AAA8EBEBB6B53BFA08F /* URL.swift */; };
		8CDFBA1DF6C9365734242EB6 /* SelectProgramView.swift in Sources */ = {isa = PBXBuildFile; fileRef = 25F2A01470D07F0DFCA791DA /* SelectProgramView.swift */; };
		90D1AC62033EA95F7649389C /* InstallAppWizard.swift in Sources */ = {isa = PBXBuildFile; fileRef = 8E8DF7C2D65FDF3B0D2F353B /* InstallAppWizard.swift */; };
		9ACBEC619F03749E7BF88E75 /* WineDownloader.swift in Sources */ = {isa = PBXBuildFile; fileRef = D1D76F916FC6C21A71FF41A5 /* WineDownloader.swift */; };
		AE44FDAE300D97A700F31CC4 /* XcodebuildNvimPreview in Frameworks */ = {isa = PBXBuildFile; productRef = AE44FDAD300D97A700F31CC4 /* XcodebuildNvimPreview */; };
		AEC759893027825200C079E1 /* Subprocess in Frameworks */ = {isa = PBXBuildFile; productRef = AEC759883027825200C079E1 /* Subprocess */; };
		C4C47AD1B7B21B9F282ABF7C /* WineLibrary.swift in Sources */ = {isa = PBXBuildFile; fileRef = C7997B499A640F8952A17B4B /* WineLibrary.swift */; };
		C4F768208EB8838CB2807BA8 /* Flask.swift in Sources */ = {isa = PBXBuildFile; fileRef = 6B8980E62B1EBD84DDF15CCC /* Flask.swift */; };
		CCC1F7902E190403BB38D836 /* .gitignore in Resources */ = {isa = PBXBuildFile; fileRef = B68DCAD7D3C21C452AE39233 /* .gitignore */; };
		D4C55E1FC7B61D0E84AABD0C /* FlaskError.swift in Sources */ = {isa = PBXBuildFile; fileRef = DBAA8648F893E17C6BFC69A1 /* FlaskError.swift */; };
/* End PBXBuildFile section */

/* Begin PBXFileReference section */
		0E2130D6E94D695E39947CEB /* CreateFlaskView.swift */ = {isa = PBXFileReference; lastKnownFileType = sourcecode.swift; path = CreateFlaskView.swift; sourceTree = "<group>"; };
		25F2A01470D07F0DFCA791DA /* SelectProgramView.swift */ = {isa = PBXFileReference; explicitFileType = sourcecode.swift; path = SelectProgramView.swift; sourceTree = "<group>"; };
		6B8980E62B1EBD84DDF15CCC /* Flask.swift */ = {isa = PBXFileReference; explicitFileType = sourcecode.swift; path = Flask.swift; sourceTree = "<group>"; };
		8D9C7AAA8EBEBB6B53BFA08F /* URL.swift */ = {isa = PBXFileReference; explicitFileType = sourcecode.swift; lastKnownFileType = sourcecode.swift; name = URL.swift; path = URL.swift; sourceTree = "<group>"; };
		8E7C9619C657C8F97BD62219 /* FlaskLibrary.swift */ = {isa = PBXFileReference; lastKnownFileType = sourcecode.swift; path = FlaskLibrary.swift; sourceTree = "<group>"; };
		8E8DF7C2D65FDF3B0D2F353B /* InstallAppWizard.swift */ = {isa = PBXFileReference; explicitFileType = sourcecode.swift; path = InstallAppWizard.swift; sourceTree = "<group>"; };
		AE14555E300A499D0049DACC /* Flasks.app */ = {isa = PBXFileReference; explicitFileType = wrapper.application; includeInIndex = 0; path = Flasks.app; sourceTree = BUILT_PRODUCTS_DIR; };
		B68DCAD7D3C21C452AE39233 /* .gitignore */ = {isa = PBXFileReference; lastKnownFileType = text; path = .gitignore; sourceTree = "<group>"; };
		C37E6FB6B94EA215EE46B9CA /* Runner.swift */ = {isa = PBXFileReference; explicitFileType = sourcecode.swift; path = Runner.swift; sourceTree = "<group>"; };
		C7997B499A640F8952A17B4B /* WineLibrary.swift */ = {isa = PBXFileReference; explicitFileType = sourcecode.swift; path = WineLibrary.swift; sourceTree = "<group>"; };
		D1D76F916FC6C21A71FF41A5 /* WineDownloader.swift */ = {isa = PBXFileReference; explicitFileType = sourcecode.swift; path = WineDownloader.swift; sourceTree = "<group>"; };
		DBAA8648F893E17C6BFC69A1 /* FlaskError.swift */ = {isa = PBXFileReference; explicitFileType = sourcecode.swift; lastKnownFileType = sourcecode.swift; name = FlaskError.swift; path = FlaskError.swift; sourceTree = "<group>"; };
		FC8F17412AD2EDE987CFEC8E /* WineInstallView.swift */ = {isa = PBXFileReference; explicitFileType = sourcecode.swift; lastKnownFileType = sourcecode.swift; name = WineInstallView.swift; path = WineInstallView.swift; sourceTree = "<group>"; };
/* End PBXFileReference section */

/* Begin PBXFileSystemSynchronizedRootGroup section */
		AE145560300A499D0049DACC /* Flasks */ = {
			isa = PBXFileSystemSynchronizedRootGroup;
			path = Flasks;
			sourceTree = "<group>";
		};
/* End PBXFileSystemSynchronizedRootGroup section */

/* Begin PBXFrameworksBuildPhase section */
		AE14555B300A499D0049DACC /* Frameworks */ = {
			isa = PBXFrameworksBuildPhase;
			buildActionMask = 2147483647;
			files = (
				AE44FDAE300D97A700F31CC4 /* XcodebuildNvimPreview in Frameworks */,
				AEC759893027825200C079E1 /* Subprocess in Frameworks */,
			);
			runOnlyForDeploymentPostprocessing = 0;
		};
/* End PBXFrameworksBuildPhase section */

/* Begin PBXGroup section */
		32A3E376576F97C8BD354448 /* Extensions */ = {
			isa = PBXGroup;
			children = (
				8D9C7AAA8EBEBB6B53BFA08F /* URL.swift */,
			);
			name = Extensions;
			path = Extensions;
			sourceTree = "<group>";
		};
		48CA7BE4A39D3EFC5D7D8308 /* Services */ = {
			isa = PBXGroup;
			children = (
				D1D76F916FC6C21A71FF41A5 /* WineDownloader.swift */,
			);
			path = Services;
			sourceTree = "<group>";
		};
		56BA02120CA0E83B2702A433 /* Models */ = {
			isa = PBXGroup;
			children = (
				C7997B499A640F8952A17B4B /* WineLibrary.swift */,
				C37E6FB6B94EA215EE46B9CA /* Runner.swift */,
				8E7C9619C657C8F97BD62219 /* FlaskLibrary.swift */,
				6B8980E62B1EBD84DDF15CCC /* Flask.swift */,
				DBAA8648F893E17C6BFC69A1 /* FlaskError.swift */,
				32A3E376576F97C8BD354448 /* Extensions */,
			);
			path = Models;
			sourceTree = "<group>";
		};
		852A46493C1BC3774845F65B /* InstallAppWizard */ = {
			isa = PBXGroup;
			children = (
				8E8DF7C2D65FDF3B0D2F353B /* InstallAppWizard.swift */,
				25F2A01470D07F0DFCA791DA /* SelectProgramView.swift */,
				0E2130D6E94D695E39947CEB /* CreateFlaskView.swift */,
			);
			name = InstallAppWizard;
			path = InstallAppWizard;
			sourceTree = "<group>";
		};
		AE145555300A499D0049DACC = {
			isa = PBXGroup;
			children = (
				AE145560300A499D0049DACC /* Flasks */,
				AE14555F300A499D0049DACC /* Products */,
				ECD01208EA3E4EAA102D8165 /* Flasks */,
			);
			sourceTree = "<group>";
		};
		AE14555F300A499D0049DACC /* Products */ = {
			isa = PBXGroup;
			children = (
				AE14555E300A499D0049DACC /* Flasks.app */,
				B68DCAD7D3C21C452AE39233 /* .gitignore */,
			);
			name = Products;
			sourceTree = "<group>";
		};
		BFB7E7A313ED66B29A8CADB8 /* Views */ = {
			isa = PBXGroup;
			children = (
				FC8F17412AD2EDE987CFEC8E /* WineInstallView.swift */,
				852A46493C1BC3774845F65B /* InstallAppWizard */,
			);
			path = Views;
			sourceTree = "<group>";
		};
		ECD01208EA3E4EAA102D8165 /* Flasks */ = {
			isa = PBXGroup;
			children = (
				48CA7BE4A39D3EFC5D7D8308 /* Services */,
				56BA02120CA0E83B2702A433 /* Models */,
				BFB7E7A313ED66B29A8CADB8 /* Views */,
			);
			path = Flasks;
			sourceTree = "<group>";
		};
/* End PBXGroup section */

/* Begin PBXNativeTarget section */
		AE14555D300A499D0049DACC /* Flasks */ = {
			isa = PBXNativeTarget;
			buildConfigurationList = AE145569300A499E0049DACC /* Build configuration list for PBXNativeTarget "Flasks" */;
			buildPhases = (
				AE14555A300A499D0049DACC /* Sources */,
				AE14555B300A499D0049DACC /* Frameworks */,
				AE14555C300A499D0049DACC /* Resources */,
			);
			buildRules = (
			);
			dependencies = (
			);
			fileSystemSynchronizedGroups = (
				AE145560300A499D0049DACC /* Flasks */,
			);
			name = Flasks;
			packageProductDependencies = (
				AE44FDAD300D97A700F31CC4 /* XcodebuildNvimPreview */,
				AEC759883027825200C079E1 /* Subprocess */,
			);
			productName = Flasks;
			productReference = AE14555E300A499D0049DACC /* Flasks.app */;
			productType = "com.apple.product-type.application";
		};
/* End PBXNativeTarget section */

/* Begin PBXProject section */
		AE145556300A499D0049DACC /* Project object */ = {
			isa = PBXProject;
			attributes = {
				BuildIndependentTargetsInParallel = 1;
				LastSwiftUpdateCheck = 2660;
				LastUpgradeCheck = 2660;
				TargetAttributes = {
					AE14555D300A499D0049DACC = {
						CreatedOnToolsVersion = 26.6;
					};
				};
			};
			buildConfigurationList = AE145559300A499D0049DACC /* Build configuration list for PBXProject "Flasks" */;
			developmentRegion = en;
			hasScannedForEncodings = 0;
			knownRegions = (
				en,
				Base,
			);
			mainGroup = AE145555300A499D0049DACC;
			minimizedProjectReferenceProxies = 1;
			packageReferences = (
				AE44FDAC300D97A700F31CC4 /* XCRemoteSwiftPackageReference "xcodebuild-nvim-preview" */,
				AEC759873027825200C079E1 /* XCRemoteSwiftPackageReference "swift-subprocess" */,
			);
			preferredProjectObjectVersion = 77;
			productRefGroup = AE14555F300A499D0049DACC /* Products */;
			projectDirPath = "";
			projectRoot = "";
			targets = (
				AE14555D300A499D0049DACC /* Flasks */,
			);
		};
/* End PBXProject section */

/* Begin PBXResourcesBuildPhase section */
		AE14555C300A499D0049DACC /* Resources */ = {
			isa = PBXResourcesBuildPhase;
			buildActionMask = 2147483647;
			files = (
				CCC1F7902E190403BB38D836 /* .gitignore in Resources */,
				4A4F5DD63DF859CE8597C85E /* CreateFlaskView.swift in Resources */,
				2DB85236F5E609E836B78711 /* FlaskLibrary.swift in Resources */,
			);
			runOnlyForDeploymentPostprocessing = 0;
		};
/* End PBXResourcesBuildPhase section */

/* Begin PBXSourcesBuildPhase section */
		AE14555A300A499D0049DACC /* Sources */ = {
			isa = PBXSourcesBuildPhase;
			buildActionMask = 2147483647;
			files = (
				9ACBEC619F03749E7BF88E75 /* WineDownloader.swift in Sources */,
				C4C47AD1B7B21B9F282ABF7C /* WineLibrary.swift in Sources */,
				49A6F96170EADC42B9A0F2E7 /* Runner.swift in Sources */,
				03C4217D43E0E40D8E2DD41D /* WineInstallView.swift in Sources */,
				90D1AC62033EA95F7649389C /* InstallAppWizard.swift in Sources */,
				8CDFBA1DF6C9365734242EB6 /* SelectProgramView.swift in Sources */,
				C4F768208EB8838CB2807BA8 /* Flask.swift in Sources */,
				D4C55E1FC7B61D0E84AABD0C /* FlaskError.swift in Sources */,
				8AD893B67578E6B55D7F9C65 /* URL.swift in Sources */,
			);
			runOnlyForDeploymentPostprocessing = 0;
		};
/* End PBXSourcesBuildPhase section */

/* Begin XCBuildConfiguration section */
		AE145567300A499E0049DACC /* Debug */ = {
			isa = XCBuildConfiguration;
			buildSettings = {
				ALWAYS_SEARCH_USER_PATHS = NO;
				ASSETCATALOG_COMPILER_GENERATE_SWIFT_ASSET_SYMBOL_EXTENSIONS = YES;
				CLANG_ANALYZER_NONNULL = YES;
				CLANG_ANALYZER_NUMBER_OBJECT_CONVERSION = YES_AGGRESSIVE;
				CLANG_CXX_LANGUAGE_STANDARD = "gnu++20";
				CLANG_ENABLE_MODULES = YES;
				CLANG_ENABLE_OBJC_ARC = YES;
				CLANG_ENABLE_OBJC_WEAK = YES;
				CLANG_WARN_BLOCK_CAPTURE_AUTORELEASING = YES;
				CLANG_WARN_BOOL_CONVERSION = YES;
				CLANG_WARN_COMMA = YES;
				CLANG_WARN_CONSTANT_CONVERSION = YES;
				CLANG_WARN_DEPRECATED_OBJC_IMPLEMENTATIONS = YES;
				CLANG_WARN_DIRECT_OBJC_ISA_USAGE = YES_ERROR;
				CLANG_WARN_DOCUMENTATION_COMMENTS = YES;
				CLANG_WARN_EMPTY_BODY = YES;
				CLANG_WARN_ENUM_CONVERSION = YES;
				CLANG_WARN_INFINITE_RECURSION = YES;
				CLANG_WARN_INT_CONVERSION = YES;
				CLANG_WARN_NON_LITERAL_NULL_CONVERSION = YES;
				CLANG_WARN_OBJC_IMPLICIT_RETAIN_SELF = YES;
				CLANG_WARN_OBJC_LITERAL_CONVERSION = YES;
				CLANG_WARN_OBJC_ROOT_CLASS = YES_ERROR;
				CLANG_WARN_QUOTED_INCLUDE_IN_FRAMEWORK_HEADER = YES;
				CLANG_WARN_RANGE_LOOP_ANALYSIS = YES;
				CLANG_WARN_STRICT_PROTOTYPES = YES;
				CLANG_WARN_SUSPICIOUS_MOVE = YES;
				CLANG_WARN_UNGUARDED_AVAILABILITY = YES_AGGRESSIVE;
				CLANG_WARN_UNREACHABLE_CODE = YES;
				CLANG_WARN__DUPLICATE_METHOD_MATCH = YES;
				COPY_PHASE_STRIP = NO;
				DEBUG_INFORMATION_FORMAT = dwarf;
				DEVELOPMENT_TEAM = FZR523468P;
				ENABLE_STRICT_OBJC_MSGSEND = YES;
				ENABLE_TESTABILITY = YES;
				ENABLE_USER_SCRIPT_SANDBOXING = YES;
				GCC_C_LANGUAGE_STANDARD = gnu17;
				GCC_DYNAMIC_NO_PIC = NO;
				GCC_NO_COMMON_BLOCKS = YES;
				GCC_OPTIMIZATION_LEVEL = 0;
				GCC_PREPROCESSOR_DEFINITIONS = (
					"DEBUG=1",
					"$(inherited)",
				);
				GCC_WARN_64_TO_32_BIT_CONVERSION = YES;
				GCC_WARN_ABOUT_RETURN_TYPE = YES_ERROR;
				GCC_WARN_UNDECLARED_SELECTOR = YES;
				GCC_WARN_UNINITIALIZED_AUTOS = YES_AGGRESSIVE;
				GCC_WARN_UNUSED_FUNCTION = YES;
				GCC_WARN_UNUSED_VARIABLE = YES;
				LOCALIZATION_PREFERS_STRING_CATALOGS = YES;
				MACOSX_DEPLOYMENT_TARGET = 26.5;
				MTL_ENABLE_DEBUG_INFO = INCLUDE_SOURCE;
				MTL_FAST_MATH = YES;
				ONLY_ACTIVE_ARCH = YES;
				SDKROOT = macosx;
				SWIFT_ACTIVE_COMPILATION_CONDITIONS = "DEBUG $(inherited)";
				SWIFT_OPTIMIZATION_LEVEL = "-Onone";
			};
			name = Debug;
		};
		AE145568300A499E0049DACC /* Release */ = {
			isa = XCBuildConfiguration;
			buildSettings = {
				ALWAYS_SEARCH_USER_PATHS = NO;
				ASSETCATALOG_COMPILER_GENERATE_SWIFT_ASSET_SYMBOL_EXTENSIONS = YES;
				CLANG_ANALYZER_NONNULL = YES;
				CLANG_ANALYZER_NUMBER_OBJECT_CONVERSION = YES_AGGRESSIVE;
				CLANG_CXX_LANGUAGE_STANDARD = "gnu++20";
				CLANG_ENABLE_MODULES = YES;
				CLANG_ENABLE_OBJC_ARC = YES;
				CLANG_ENABLE_OBJC_WEAK = YES;
				CLANG_WARN_BLOCK_CAPTURE_AUTORELEASING = YES;
				CLANG_WARN_BOOL_CONVERSION = YES;
				CLANG_WARN_COMMA = YES;
				CLANG_WARN_CONSTANT_CONVERSION = YES;
				CLANG_WARN_DEPRECATED_OBJC_IMPLEMENTATIONS = YES;
				CLANG_WARN_DIRECT_OBJC_ISA_USAGE = YES_ERROR;
				CLANG_WARN_DOCUMENTATION_COMMENTS = YES;
				CLANG_WARN_EMPTY_BODY = YES;
				CLANG_WARN_ENUM_CONVERSION = YES;
				CLANG_WARN_INFINITE_RECURSION = YES;
				CLANG_WARN_INT_CONVERSION = YES;
				CLANG_WARN_NON_LITERAL_NULL_CONVERSION = YES;
				CLANG_WARN_OBJC_IMPLICIT_RETAIN_SELF = YES;
				CLANG_WARN_OBJC_LITERAL_CONVERSION = YES;
				CLANG_WARN_OBJC_ROOT_CLASS = YES_ERROR;
				CLANG_WARN_QUOTED_INCLUDE_IN_FRAMEWORK_HEADER = YES;
				CLANG_WARN_RANGE_LOOP_ANALYSIS = YES;
				CLANG_WARN_STRICT_PROTOTYPES = YES;
				CLANG_WARN_SUSPICIOUS_MOVE = YES;
				CLANG_WARN_UNGUARDED_AVAILABILITY = YES_AGGRESSIVE;
				CLANG_WARN_UNREACHABLE_CODE = YES;
				CLANG_WARN__DUPLICATE_METHOD_MATCH = YES;
				COPY_PHASE_STRIP = NO;
				DEBUG_INFORMATION_FORMAT = "dwarf-with-dsym";
				DEVELOPMENT_TEAM = FZR523468P;
				ENABLE_NS_ASSERTIONS = NO;
				ENABLE_STRICT_OBJC_MSGSEND = YES;
				ENABLE_USER_SCRIPT_SANDBOXING = YES;
				GCC_C_LANGUAGE_STANDARD = gnu17;
				GCC_NO_COMMON_BLOCKS = YES;
				GCC_WARN_64_TO_32_BIT_CONVERSION = YES;
				GCC_WARN_ABOUT_RETURN_TYPE = YES_ERROR;
				GCC_WARN_UNDECLARED_SELECTOR = YES;
				GCC_WARN_UNINITIALIZED_AUTOS = YES_AGGRESSIVE;
				GCC_WARN_UNUSED_FUNCTION = YES;
				GCC_WARN_UNUSED_VARIABLE = YES;
				LOCALIZATION_PREFERS_STRING_CATALOGS = YES;
				MACOSX_DEPLOYMENT_TARGET = 26.5;
				MTL_ENABLE_DEBUG_INFO = NO;
				MTL_FAST_MATH = YES;
				SDKROOT = macosx;
				SWIFT_COMPILATION_MODE = wholemodule;
			};
			name = Release;
		};
		AE14556A300A499E0049DACC /* Debug */ = {
			isa = XCBuildConfiguration;
			buildSettings = {
				ASSETCATALOG_COMPILER_APPICON_NAME = AppIcon;
				ASSETCATALOG_COMPILER_GLOBAL_ACCENT_COLOR_NAME = AccentColor;
				CODE_SIGN_STYLE = Automatic;
				COMBINE_HIDPI_IMAGES = YES;
				CURRENT_PROJECT_VERSION = 1;
				DEVELOPMENT_TEAM = FZR523468P;
				ENABLE_APP_SANDBOX = NO;
				ENABLE_HARDENED_RUNTIME = YES;
				ENABLE_PREVIEWS = YES;
				GENERATE_INFOPLIST_FILE = YES;
				INFOPLIST_KEY_NSHumanReadableCopyright = "";
				LD_RUNPATH_SEARCH_PATHS = (
					"$(inherited)",
					"@executable_path/../Frameworks",
				);
				MARKETING_VERSION = 1.0;
				PRODUCT_BUNDLE_IDENTIFIER = com.flasks.Flasks;
				PRODUCT_NAME = "$(TARGET_NAME)";
				REGISTER_APP_GROUPS = YES;
				STRING_CATALOG_GENERATE_SYMBOLS = YES;
				SWIFT_APPROACHABLE_CONCURRENCY = YES;
				SWIFT_DEFAULT_ACTOR_ISOLATION = MainActor;
				SWIFT_EMIT_LOC_STRINGS = YES;
				SWIFT_UPCOMING_FEATURE_MEMBER_IMPORT_VISIBILITY = YES;
				SWIFT_VERSION = 5.0;
			};
			name = Debug;
		};
		AE14556B300A499E0049DACC /* Release */ = {
			isa = XCBuildConfiguration;
			buildSettings = {
				ASSETCATALOG_COMPILER_APPICON_NAME = AppIcon;
				ASSETCATALOG_COMPILER_GLOBAL_ACCENT_COLOR_NAME = AccentColor;
				CODE_SIGN_STYLE = Automatic;
				COMBINE_HIDPI_IMAGES = YES;
				CURRENT_PROJECT_VERSION = 1;
				DEVELOPMENT_TEAM = FZR523468P;
				ENABLE_APP_SANDBOX = NO;
				ENABLE_HARDENED_RUNTIME = YES;
				ENABLE_PREVIEWS = YES;
				GENERATE_INFOPLIST_FILE = YES;
				INFOPLIST_KEY_NSHumanReadableCopyright = "";
				LD_RUNPATH_SEARCH_PATHS = (
					"$(inherited)",
					"@executable_path/../Frameworks",
				);
				MARKETING_VERSION = 1.0;
				PRODUCT_BUNDLE_IDENTIFIER = com.flasks.Flasks;
				PRODUCT_NAME = "$(TARGET_NAME)";
				REGISTER_APP_GROUPS = YES;
				STRING_CATALOG_GENERATE_SYMBOLS = YES;
				SWIFT_APPROACHABLE_CONCURRENCY = YES;
				SWIFT_DEFAULT_ACTOR_ISOLATION = MainActor;
				SWIFT_EMIT_LOC_STRINGS = YES;
				SWIFT_UPCOMING_FEATURE_MEMBER_IMPORT_VISIBILITY = YES;
				SWIFT_VERSION = 5.0;
			};
			name = Release;
		};
/* End XCBuildConfiguration section */

/* Begin XCConfigurationList section */
		AE145559300A499D0049DACC /* Build configuration list for PBXProject "Flasks" */ = {
			isa = XCConfigurationList;
			buildConfigurations = (
				AE145567300A499E0049DACC /* Debug */,
				AE145568300A499E0049DACC /* Release */,
			);
			defaultConfigurationIsVisible = 0;
			defaultConfigurationName = Release;
		};
		AE145569300A499E0049DACC /* Build configuration list for PBXNativeTarget "Flasks" */ = {
			isa = XCConfigurationList;
			buildConfigurations = (
				AE14556A300A499E0049DACC /* Debug */,
				AE14556B300A499E0049DACC /* Release */,
			);
			defaultConfigurationIsVisible = 0;
			defaultConfigurationName = Release;
		};
/* End XCConfigurationList section */

/* Begin XCRemoteSwiftPackageReference section */
		AE44FDAC300D97A700F31CC4 /* XCRemoteSwiftPackageReference "xcodebuild-nvim-preview" */ = {
			isa = XCRemoteSwiftPackageReference;
			repositoryURL = "https://github.com/wojciech-kulik/xcodebuild-nvim-preview";
			requirement = {
				kind = upToNextMajorVersion;
				minimumVersion = 1.0.11;
			};
		};
		AEC759873027825200C079E1 /* XCRemoteSwiftPackageReference "swift-subprocess" */ = {
			isa = XCRemoteSwiftPackageReference;
			repositoryURL = "https://github.com/swiftlang/swift-subprocess";
			requirement = {
				kind = upToNextMajorVersion;
				minimumVersion = 1.0.0;
			};
		};
/* End XCRemoteSwiftPackageReference section */

/* Begin XCSwiftPackageProductDependency section */
		AE44FDAD300D97A700F31CC4 /* XcodebuildNvimPreview */ = {
			isa = XCSwiftPackageProductDependency;
			package = AE44FDAC300D97A700F31CC4 /* XCRemoteSwiftPackageReference "xcodebuild-nvim-preview" */;
			productName = XcodebuildNvimPreview;
		};
		AEC759883027825200C079E1 /* Subprocess */ = {
			isa = XCSwiftPackageProductDependency;
			package = AEC759873027825200C079E1 /* XCRemoteSwiftPackageReference "swift-subprocess" */;
			productName = Subprocess;
		};
/* End XCSwiftPackageProductDependency section */
	};
	rootObject = AE145556300A499D0049DACC /* Project object */;
}
